Microsoft Visual Studio Solution File, Format Version 12.00
# Visual Studio 15
VisualStudioVersion = 15.0.27130.2027
MinimumVisualStudioVersion = 10.0.40219.1
Project("{8BC9CEB8-8B4A-11D0-8D11-00A0C91BC942}") = "CustomComponent", "CustomComponent.vcxproj", "{8BC9CEB8-8B4A-11D0-8D11-00A0C91BC942}"
EndProject
Project("{8BC9CEB8-8B4A-11D0-8D11-00A0C91BC942}") = "xml", "xml\xml.vcxproj", "{7288AB37-516D-4909-8CA7-A0C23BC9279A}"
EndProject
Global
	GlobalSection(SolutionConfigurationPlatforms) = preSolution
		Debug|Win32 = Debug|Win32
		Release|Win32 = Release|Win32
	EndGlobalSection
	GlobalSection(ProjectConfigurationPlatforms) = postSolution
		{8BC9CEB8-8B4A-11D0-8D11-00A0C91BC942}.Debug|Win32.ActiveCfg = Debug|Win32
		{8BC9CEB8-8B4A-11D0-8D11-00A0C91BC942}.Debug|Win32.Build.0 = Debug|Win32
		{8BC9CEB8-8B4A-11D0-8D11-00A0C91BC942}.Release|Win32.ActiveCfg = Release|Win32
		{8BC9CEB8-8B4A-11D0-8D11-00A0C91BC942}.Release|Win32.Build.0 = Release|Win32
		{7288AB37-516D-4909-8CA7-A0C23BC9279A}.Debug|Win32.ActiveCfg = Debug|Win32
		{7288AB37-516D-4909-8CA7-A0C23BC9279A}.Debug|Win32.Build.0 = Debug|Win32
		{7288AB37-516D-4909-8CA7-A0C23BC9279A}.Release|Win32.ActiveCfg = Release|Win32
		{7288AB37-516D-4909-8CA7-A0C23BC9279A}.Release|Win32.Build.0 = Release|Win32
	EndGlobalSection
	GlobalSection(SolutionProperties) = preSolution
		HideSolutionNode = FALSE
	EndGlobalSection
	GlobalSection(ExtensibilityGlobals) = postSolution
		SolutionGuid = {9077D3E6-BC9D-4F32-8133-E10713BA5452}
	EndGlobalSection
EndGlobal
